
Microsoft Visual Studio Solution File, Format Version 12.00
# Visual Studio Version 16
VisualStudioVersion = 16.0.31424.327
MinimumVisualStudioVersion = 10.0.40219.1
Project("{FAE04EC0-301F-11D3-BF4B-00C04F79EFBC}") = "Prjthirdapplication", "Prjthirdapplication.csproj", "{5905DEF4-363D-4E42-B2F9-2DE51DF81D10}"
EndProject
Project("{FAE04EC0-301F-11D3-BF4B-00C04F79EFBC}") = "LINQeg", "..\LINQeg\LINQeg.csproj", "{E66F6105-F7AD-4222-9EBB-CC27BEE15DF9}"
EndProject
Global
	GlobalSection(SolutionConfigurationPlatforms) = preSolution
		Debug|Any CPU = Debug|Any CPU
		Release|Any CPU = Release|Any CPU
	EndGlobalSection
	GlobalSection(ProjectConfigurationPlatforms) = postSolution
		{5905DEF4-363D-4E42-B2F9-2DE51DF81D10}.Debug|Any CPU.ActiveCfg = Debug|Any CPU
		{5905DEF4-363D-4E42-B2F9-2DE51DF81D10}.Debug|Any CPU.Build.0 = Debug|Any CPU
		{5905DEF4-363D-4E42-B2F9-2DE51DF81D10}.Release|Any CPU.ActiveCfg = Release|Any CPU
		{5905DEF4-363D-4E42-B2F9-2DE51DF81D10}.Release|Any CPU.Build.0 = Release|Any CPU
		{E66F6105-F7AD-4222-9EBB-CC27BEE15DF9}.Debug|Any CPU.ActiveCfg = Debug|Any CPU
		{E66F6105-F7AD-4222-9EBB-CC27BEE15DF9}.Debug|Any CPU.Build.0 = Debug|Any CPU
		{E66F6105-F7AD-4222-9EBB-CC27BEE15DF9}.Release|Any CPU.ActiveCfg = Release|Any CPU
		{E66F6105-F7AD-4222-9EBB-CC27BEE15DF9}.Release|Any CPU.Build.0 = Release|Any CPU
	EndGlobalSection
	GlobalSection(SolutionProperties) = preSolution
		HideSolutionNode = FALSE
	EndGlobalSection
	GlobalSection(ExtensibilityGlobals) = postSolution
		SolutionGuid = {2671F637-EEF1-4C1A-81DF-58AACDC67E5D}
	EndGlobalSection
EndGlobal
